// !$*UTF8*$!
{
	archiveVersion = 1;
	classes = {
	};
	objectVersion = 45;
	objects = {

/* Begin PBXBuildFile section */
		15038F250F852340008F6BBB /* RemoveButton_Pressed.png in Resources */ = {isa = PBXBuildFile; fileRef = 15038F240F852340008F6BBB /* RemoveButton_Pressed.png */; };
		150A4D770FA39D5D006B9BB4 /* SystemConfiguration.framework in Frameworks */ = {isa = PBXBuildFile; fileRef = 150A4D760FA39D5D006B9BB4 /* SystemConfiguration.framework */; };
		153629F10FB81C61000A7EC9 /* L0MoverAppDelegate+L0UITestingHooks.m in Sources */ = {isa = PBXBuildFile; fileRef = 153629F00FB81C61000A7EC9 /* L0MoverAppDelegate+L0UITestingHooks.m */; };
		153734ED0F8F3C05005B2BD3 /* L0MoverAppDelegate+L0ItemPersistance.m in Sources */ = {isa = PBXBuildFile; fileRef = 153734EC0F8F3C05005B2BD3 /* L0MoverAppDelegate+L0ItemPersistance.m */; };
		153735B70F8F5E06005B2BD3 /* Icon.png in Resources */ = {isa = PBXBuildFile; fileRef = 153735B60F8F5E06005B2BD3 /* Icon.png */; };
		154FB61E0FB18EA500DB26C6 /* L0MoverNewVersion.alert in Resources */ = {isa = PBXBuildFile; fileRef = 154FB61D0FB18EA500DB26C6 /* L0MoverNewVersion.alert */; };
		154FB7940FB1F16400DB26C6 /* fr.lproj in Resources */ = {isa = PBXBuildFile; fileRef = 154FB7900FB1F16000DB26C6 /* fr.lproj */; };
		154FB7950FB1F16400DB26C6 /* it.lproj in Resources */ = {isa = PBXBuildFile; fileRef = 154FB7910FB1F16000DB26C6 /* it.lproj */; };
		154FB7960FB1F16400DB26C6 /* ru.lproj in Resources */ = {isa = PBXBuildFile; fileRef = 154FB7920FB1F16000DB26C6 /* ru.lproj */; };
		154FB7970FB1F16400DB26C6 /* sv.lproj in Resources */ = {isa = PBXBuildFile; fileRef = 154FB7930FB1F16000DB26C6 /* sv.lproj */; };
		154FB79A0FB1F18300DB26C6 /* fr.lproj in Copy Settings.bundle Localizations */ = {isa = PBXBuildFile; fileRef = 154FB7680FB1F06D00DB26C6 /* fr.lproj */; };
		154FB79B0FB1F18300DB26C6 /* it.lproj in Copy Settings.bundle Localizations */ = {isa = PBXBuildFile; fileRef = 154FB7690FB1F06D00DB26C6 /* it.lproj */; };
		154FB79C0FB1F18300DB26C6 /* ru.lproj in Copy Settings.bundle Localizations */ = {isa = PBXBuildFile; fileRef = 154FB76A0FB1F06D00DB26C6 /* ru.lproj */; };
		154FB79D0FB1F18300DB26C6 /* sv.lproj in Copy Settings.bundle Localizations */ = {isa = PBXBuildFile; fileRef = 154FB76B0FB1F06D00DB26C6 /* sv.lproj */; };
		1559B5B10F7982D0005E4362 /* L0MoverPeer.m in Sources */ = {isa = PBXBuildFile; fileRef = 1559B5B00F7982D0005E4362 /* L0MoverPeer.m */; };
		1559B5BE0F798463005E4362 /* L0BonjourPeer.m in Sources */ = {isa = PBXBuildFile; fileRef = 1559B5BD0F798463005E4362 /* L0BonjourPeer.m */; };
		1559B5DC0F798AE1005E4362 /* L0BonjourPeeringService.m in Sources */ = {isa = PBXBuildFile; fileRef = 1559B5DB0F798AE1005E4362 /* L0BonjourPeeringService.m */; };
		1572DE8D0F82BE83006BEEC0 /* libMuiKit.a in Frameworks */ = {isa = PBXBuildFile; fileRef = 1572DE880F82BE7A006BEEC0 /* libMuiKit.a */; };
		1572DE8E0F82BE8B006BEEC0 /* MuiKit.bundle in Resources */ = {isa = PBXBuildFile; fileRef = 1572DE8A0F82BE7A006BEEC0 /* MuiKit.bundle */; };
		1582D8E40F90806F0084EBC6 /* WhiteOverlay.png in Resources */ = {isa = PBXBuildFile; fileRef = 1582D8E30F90806F0084EBC6 /* WhiteOverlay.png */; };
		1582D8F30F9082A00084EBC6 /* About.png in Resources */ = {isa = PBXBuildFile; fileRef = 1582D8F20F9082A00084EBC6 /* About.png */; };
		1582D92B0F9086910084EBC6 /* LicensesAndCopyrightPage in Resources */ = {isa = PBXBuildFile; fileRef = 1582D9280F9086910084EBC6 /* LicensesAndCopyrightPage */; };
		158ED8560F9FAA5E00C65EDE /* iTunesArtwork in Resources */ = {isa = PBXBuildFile; fileRef = 158ED8550F9FAA5E00C65EDE /* iTunesArtwork */; };
		15911E3B0F8F738E00BECD18 /* Gear.png in Resources */ = {isa = PBXBuildFile; fileRef = 15911E3A0F8F738E00BECD18 /* Gear.png */; };
		15911E760F8FA2D900BECD18 /* L0AddressBookPersonItem.m in Sources */ = {isa = PBXBuildFile; fileRef = 15911E750F8FA2D900BECD18 /* L0AddressBookPersonItem.m */; };
		15911E780F8FA2F900BECD18 /* AddressBook.framework in Frameworks */ = {isa = PBXBuildFile; fileRef = 15911E770F8FA2F900BECD18 /* AddressBook.framework */; };
		15911E7A0F8FA2F900BECD18 /* AddressBookUI.framework in Frameworks */ = {isa = PBXBuildFile; fileRef = 15911E790F8FA2F900BECD18 /* AddressBookUI.framework */; };
		159122100F8FE41E00BECD18 /* Default.png in Resources */ = {isa = PBXBuildFile; fileRef = 1591220F0F8FE41E00BECD18 /* Default.png */; };
		15AF0FF00FA46B8B0047634C /* Settings.bundle in Resources */ = {isa = PBXBuildFile; fileRef = 15AF0FEF0FA46B8B0047634C /* Settings.bundle */; };
		15B7BF6D0F9C778E00EF9AB9 /* libLogging-iPhone.a in Frameworks */ = {isa = PBXBuildFile; fileRef = 15B7BF3A0F9C760300EF9AB9 /* libLogging-iPhone.a */; };
		15B929350F906DFF001E40B7 /* L0MoverAppDelegate+L0HelpAlerts.m in Sources */ = {isa = PBXBuildFile; fileRef = 15B929340F906DFF001E40B7 /* L0MoverAppDelegate+L0HelpAlerts.m */; };
		15B929400F906FA2001E40B7 /* L0MoverWelcome.alert in Resources */ = {isa = PBXBuildFile; fileRef = 15B9293F0F906FA2001E40B7 /* L0MoverWelcome.alert */; };
		15B929440F9070AB001E40B7 /* L0ImageReceived_iPhone.alert in Resources */ = {isa = PBXBuildFile; fileRef = 15B929430F9070AB001E40B7 /* L0ImageReceived_iPhone.alert */; };
		15B929460F9070C8001E40B7 /* L0ImageReceived_iPod.alert in Resources */ = {isa = PBXBuildFile; fileRef = 15B929450F9070C8001E40B7 /* L0ImageReceived_iPod.alert */; };
		15B929480F907147001E40B7 /* L0ContactReceived.alert in Resources */ = {isa = PBXBuildFile; fileRef = 15B929470F907147001E40B7 /* L0ContactReceived.alert */; };
		15B929620F907589001E40B7 /* L0EditingIsNondestructive.alert in Resources */ = {isa = PBXBuildFile; fileRef = 15B929610F907589001E40B7 /* L0EditingIsNondestructive.alert */; };
		15B9296C0F907955001E40B7 /* ContactWithoutImageIcon.png in Resources */ = {isa = PBXBuildFile; fileRef = 15B9296B0F907955001E40B7 /* ContactWithoutImageIcon.png */; };
		15B929DE0F907B6C001E40B7 /* inflabs_dark.png in Resources */ = {isa = PBXBuildFile; fileRef = 15B929DC0F907B6C001E40B7 /* inflabs_dark.png */; };
		15B929DF0F907B6C001E40B7 /* inflabs.png in Resources */ = {isa = PBXBuildFile; fileRef = 15B929DD0F907B6C001E40B7 /* inflabs.png */; };
		15B929FE0F907BD9001E40B7 /* L0MoverAboutPane.m in Sources */ = {isa = PBXBuildFile; fileRef = 15B929FD0F907BD9001E40B7 /* L0MoverAboutPane.m */; };
		15C0C16A0F75910000E5BA2F /* frame.png in Resources */ = {isa = PBXBuildFile; fileRef = 15C0C1690F75910000E5BA2F /* frame.png */; };
		15C0C16D0F75918800E5BA2F /* L0MoverItemView.m in Sources */ = {isa = PBXBuildFile; fileRef = 15C0C16C0F75918800E5BA2F /* L0MoverItemView.m */; };
		15C0C1720F75938F00E5BA2F /* L0MoverItem.m in Sources */ = {isa = PBXBuildFile; fileRef = 15C0C1710F75938F00E5BA2F /* L0MoverItem.m */; };
		15C0C1CE0F759B8700E5BA2F /* L0ImageItem.m in Sources */ = {isa = PBXBuildFile; fileRef = 15C0C1CD0F759B8700E5BA2F /* L0ImageItem.m */; };
		15C468DE0F8515ED0088F07F /* RemoveButton.png in Resources */ = {isa = PBXBuildFile; fileRef = 15C468DD0F8515ED0088F07F /* RemoveButton.png */; };
		15E054E60F8CEFC400506C27 /* QuartzCore.framework in Frameworks */ = {isa = PBXBuildFile; fileRef = 15E054E50F8CEFC400506C27 /* QuartzCore.framework */; };
		15E415140FB9882F0065E831 /* L0BookmarkItem.m in Sources */ = {isa = PBXBuildFile; fileRef = 15E415130FB9882F0065E831 /* L0BookmarkItem.m */; };
		15E7FDED0FADC37900E9C438 /* MainWindow.xib in Resources */ = {isa = PBXBuildFile; fileRef = 15E7FDEC0FADC37900E9C438 /* MainWindow.xib */; };
		15E7FDEF0FADC37A00E9C438 /* L0MoverItemsTable.xib in Resources */ = {isa = PBXBuildFile; fileRef = 15E7FDEE0FADC37A00E9C438 /* L0MoverItemsTable.xib */; };
		15E7FDF10FADC37A00E9C438 /* L0MoverItemView.xib in Resources */ = {isa = PBXBuildFile; fileRef = 15E7FDF00FADC37A00E9C438 /* L0MoverItemView.xib */; };
		15E7FDF30FADC37A00E9C438 /* L0MoverAboutPane.xib in Resources */ = {isa = PBXBuildFile; fileRef = 15E7FDF20FADC37A00E9C438 /* L0MoverAboutPane.xib */; };
		15E7FDF60FADC3B800E9C438 /* Localizable.strings in Resources */ = {isa = PBXBuildFile; fileRef = 15E7FDF40FADC3B800E9C438 /* Localizable.strings */; };
		15F67E100F76262F0024A858 /* BLIP Overview.txt in Resources */ = {isa = PBXBuildFile; fileRef = 15F67DF20F76262F0024A858 /* BLIP Overview.txt */; };
		15F67E110F76262F0024A858 /* BLIP.png in Resources */ = {isa = PBXBuildFile; fileRef = 15F67DF40F76262F0024A858 /* BLIP.png */; };
		15F67E120F76262F0024A858 /* BLIPConnection.m in Sources */ = {isa = PBXBuildFile; fileRef = 15F67DF70F76262F0024A858 /* BLIPConnection.m */; };
		15F67E130F76262F0024A858 /* BLIPDispatcher.m in Sources */ = {isa = PBXBuildFile; fileRef = 15F67DF90F76262F0024A858 /* BLIPDispatcher.m */; };
		15F67E140F76262F0024A858 /* BLIPMessage.m in Sources */ = {isa = PBXBuildFile; fileRef = 15F67DFB0F76262F0024A858 /* BLIPMessage.m */; };
		15F67E150F76262F0024A858 /* BLIPProperties.m in Sources */ = {isa = PBXBuildFile; fileRef = 15F67DFD0F76262F0024A858 /* BLIPProperties.m */; };
		15F67E160F76262F0024A858 /* BLIPReader.m in Sources */ = {isa = PBXBuildFile; fileRef = 15F67DFF0F76262F0024A858 /* BLIPReader.m */; };
		15F67E170F76262F0024A858 /* BLIPRequest.m in Sources */ = {isa = PBXBuildFile; fileRef = 15F67E010F76262F0024A858 /* BLIPRequest.m */; };
		15F67E180F76262F0024A858 /* BLIPTest.m in Sources */ = {isa = PBXBuildFile; fileRef = 15F67E020F76262F0024A858 /* BLIPTest.m */; };
		15F67E190F76262F0024A858 /* BLIPWriter.m in Sources */ = {isa = PBXBuildFile; fileRef = 15F67E040F76262F0024A858 /* BLIPWriter.m */; };
		15F67E1A0F76262F0024A858 /* TCPConnection.m in Sources */ = {isa = PBXBuildFile; fileRef = 15F67E070F76262F0024A858 /* TCPConnection.m */; };
		15F67E1B0F76262F0024A858 /* TCPEndpoint.m in Sources */ = {isa = PBXBuildFile; fileRef = 15F67E090F76262F0024A858 /* TCPEndpoint.m */; };
		15F67E1C0F76262F0024A858 /* TCPListener.m in Sources */ = {isa = PBXBuildFile; fileRef = 15F67E0B0F76262F0024A858 /* TCPListener.m */; };
		15F67E1D0F76262F0024A858 /* TCPStream.m in Sources */ = {isa = PBXBuildFile; fileRef = 15F67E0D0F76262F0024A858 /* TCPStream.m */; };
		15F67E1E0F76262F0024A858 /* TCPWriter.m in Sources */ = {isa = PBXBuildFile; fileRef = 15F67E0F0F76262F0024A858 /* TCPWriter.m */; };
		15F67F110F7626A30024A858 /* CollectionUtils.m in Sources */ = {isa = PBXBuildFile; fileRef = 15F67F030F7626A30024A858 /* CollectionUtils.m */; };
		15F67F120F7626A30024A858 /* ExceptionUtils.m in Sources */ = {isa = PBXBuildFile; fileRef = 15F67F050F7626A30024A858 /* ExceptionUtils.m */; };
		15F67F130F7626A30024A858 /* Logging.m in Sources */ = {isa = PBXBuildFile; fileRef = 15F67F070F7626A30024A858 /* Logging.m */; };
		15F67F140F7626A30024A858 /* Target.m in Sources */ = {isa = PBXBuildFile; fileRef = 15F67F090F7626A30024A858 /* Target.m */; };
		15F67F150F7626A30024A858 /* Test.m in Sources */ = {isa = PBXBuildFile; fileRef = 15F67F0B0F7626A30024A858 /* Test.m */; };
		15F67F160F7626A30024A858 /* GTMNSData+zlib.m in Sources */ = {isa = PBXBuildFile; fileRef = 15F67F0F0F7626A30024A858 /* GTMNSData+zlib.m */; };
		15F67F2F0F7627A20024A858 /* IPAddress.m in Sources */ = {isa = PBXBuildFile; fileRef = 15F67F2D0F7627A20024A858 /* IPAddress.m */; };
		15F67F310F7627B20024A858 /* CFNetwork.framework in Frameworks */ = {isa = PBXBuildFile; fileRef = 15F67F300F7627B20024A858 /* CFNetwork.framework */; };
		15F67F340F7627C60024A858 /* libz.1.1.3.dylib in Frameworks */ = {isa = PBXBuildFile; fileRef = 15F67F330F7627C60024A858 /* libz.1.1.3.dylib */; };
		15F67F830F7632260024A858 /* L0MoverItemsTableController.m in Sources */ = {isa = PBXBuildFile; fileRef = 15F67F820F7632260024A858 /* L0MoverItemsTableController.m */; };
		15F67FD60F7689F80024A858 /* ItemsTableBackdrop.png in Resources */ = {isa = PBXBuildFile; fileRef = 15F67FD50F7689F80024A858 /* ItemsTableBackdrop.png */; };
		15F67FDA0F768A800024A858 /* TableArrow_East.png in Resources */ = {isa = PBXBuildFile; fileRef = 15F67FD70F768A800024A858 /* TableArrow_East.png */; };
		15F67FDB0F768A800024A858 /* TableArrow_North.png in Resources */ = {isa = PBXBuildFile; fileRef = 15F67FD80F768A800024A858 /* TableArrow_North.png */; };
		15F67FDC0F768A800024A858 /* TableArrow_West.png in Resources */ = {isa = PBXBuildFile; fileRef = 15F67FD90F768A800024A858 /* TableArrow_West.png */; };
		1D3623260D0F684500981E51 /* L0MoverAppDelegate.m in Sources */ = {isa = PBXBuildFile; fileRef = 1D3623250D0F684500981E51 /* L0MoverAppDelegate.m */; };
		1D60589B0D05DD56006BFB54 /* main.m in Sources */ = {isa = PBXBuildFile; fileRef = 29B97316FDCFA39411CA2CEA /* main.m */; };
		1D60589F0D05DD5A006BFB54 /* Foundation.framework in Frameworks */ = {isa = PBXBuildFile; fileRef = 1D30AB110D05D00D00671497 /* Foundation.framework */; };
		1DF5F4E00D08C38300B7A737 /* UIKit.framework in Frameworks */ = {isa = PBXBuildFile; fileRef = 1DF5F4DF0D08C38300B7A737 /* UIKit.framework */; };
		288765FD0DF74451002DB57D /* CoreGraphics.framework in Frameworks */ = {isa = PBXBuildFile; fileRef = 288765FC0DF74451002DB57D /* CoreGraphics.framework */; };
/* End PBXBuildFile section */

/* Begin PBXContainerItemProxy section */
		1572DE870F82BE7A006BEEC0 /* PBXContainerItemProxy */ = {
			isa = PBXContainerItemProxy;
			containerPortal = 15518FAE0F8254FD0055BCEC /* MuiKit.xcodeproj */;
			proxyType = 2;
			remoteGlobalIDString = 154B01F00F78156D0082109B;
			remoteInfo = "MuiKit (Library)";
		};
		1572DE890F82BE7A006BEEC0 /* PBXContainerItemProxy */ = {
			isa = PBXContainerItemProxy;
			containerPortal = 15518FAE0F8254FD0055BCEC /* MuiKit.xcodeproj */;
			proxyType = 2;
			remoteGlobalIDString = 156FD76B0F7A25F900F83283;
			remoteInfo = "MuiKit (Resources)";
		};
		1572DE940F82C36F006BEEC0 /* PBXContainerItemProxy */ = {
			isa = PBXContainerItemProxy;
			containerPortal = 15518FAE0F8254FD0055BCEC /* MuiKit.xcodeproj */;
			proxyType = 1;
			remoteGlobalIDString = 156FD7720F7A261B00F83283;
			remoteInfo = MuiKit;
		};
		15B7BF370F9C760300EF9AB9 /* PBXContainerItemProxy */ = {
			isa = PBXContainerItemProxy;
			containerPortal = 15B7BF2A0F9C75FD00EF9AB9 /* Logging.xcodeproj */;
			proxyType = 2;
			remoteGlobalIDString = 8DC2EF5B0486A6940098B216;
			remoteInfo = Logging;
		};
		15B7BF390F9C760300EF9AB9 /* PBXContainerItemProxy */ = {
			isa = PBXContainerItemProxy;
			containerPortal = 15B7BF2A0F9C75FD00EF9AB9 /* Logging.xcodeproj */;
			proxyType = 2;
			remoteGlobalIDString = 15B7BEE50F9C744100EF9AB9;
			remoteInfo = "Logging-iPhone (Library)";
		};
		15B7BF3B0F9C760F00EF9AB9 /* PBXContainerItemProxy */ = {
			isa = PBXContainerItemProxy;
			containerPortal = 15B7BF2A0F9C75FD00EF9AB9 /* Logging.xcodeproj */;
			proxyType = 1;
			remoteGlobalIDString = 15B7BEE40F9C744100EF9AB9;
			remoteInfo = "Logging-iPhone (Library)";
		};
/* End PBXContainerItemProxy section */

/* Begin PBXCopyFilesBuildPhase section */
		154FB7890FB1F0D500DB26C6 /* Copy Settings.bundle Localizations */ = {
			isa = PBXCopyFilesBuildPhase;
			buildActionMask = 2147483647;
			dstPath = Settings.bundle;
			dstSubfolderSpec = 7;
			files = (
				154FB79A0FB1F18300DB26C6 /* fr.lproj in Copy Settings.bundle Localizations */,
				154FB79B0FB1F18300DB26C6 /* it.lproj in Copy Settings.bundle Localizations */,
				154FB79C0FB1F18300DB26C6 /* ru.lproj in Copy Settings.bundle Localizations */,
				154FB79D0FB1F18300DB26C6 /* sv.lproj in Copy Settings.bundle Localizations */,
			);
			name = "Copy Settings.bundle Localizations";
			runOnlyForDeploymentPostprocessing = 0;
		};
/* End PBXCopyFilesBuildPhase section */

/* Begin PBXFileReference section */
		15038F240F852340008F6BBB /* RemoveButton_Pressed.png */ = {isa = PBXFileReference; lastKnownFileType = image.png; path = RemoveButton_Pressed.png; sourceTree = "<group>"; };
		150A4D760FA39D5D006B9BB4 /* SystemConfiguration.framework */ = {isa = PBXFileReference; lastKnownFileType = wrapper.framework; name = SystemConfiguration.framework; path = System/Library/Frameworks/SystemConfiguration.framework; sourceTree = SDKROOT; };
		153629EF0FB81C61000A7EC9 /* L0MoverAppDelegate+L0UITestingHooks.h */ = {isa = PBXFileReference; fileEncoding = 4; lastKnownFileType = sourcecode.c.h; path = "L0MoverAppDelegate+L0UITestingHooks.h"; sourceTree = "<group>"; };
		153629F00FB81C61000A7EC9 /* L0MoverAppDelegate+L0UITestingHooks.m */ = {isa = PBXFileReference; fileEncoding = 4; lastKnownFileType = sourcecode.c.objc; path = "L0MoverAppDelegate+L0UITestingHooks.m"; sourceTree = "<group>"; };
		153734EB0F8F3C05005B2BD3 /* L0MoverAppDelegate+L0ItemPersistance.h */ = {isa = PBXFileReference; fileEncoding = 4; lastKnownFileType = sourcecode.c.h; path = "L0MoverAppDelegate+L0ItemPersistance.h"; sourceTree = "<group>"; };
		153734EC0F8F3C05005B2BD3 /* L0MoverAppDelegate+L0ItemPersistance.m */ = {isa = PBXFileReference; fileEncoding = 4; lastKnownFileType = sourcecode.c.objc; path = "L0MoverAppDelegate+L0ItemPersistance.m"; sourceTree = "<group>"; };
		153735B60F8F5E06005B2BD3 /* Icon.png */ = {isa = PBXFileReference; lastKnownFileType = image.png; path = Icon.png; sourceTree = "<group>"; };
		154FB61D0FB18EA500DB26C6 /* L0MoverNewVersion.alert */ = {isa = PBXFileReference; fileEncoding = 4; lastKnownFileType = text.xml; path = L0MoverNewVersion.alert; sourceTree = "<group>"; };
		154FB7680FB1F06D00DB26C6 /* fr.lproj */ = {isa = PBXFileReference; lastKnownFileType = folder; path = fr.lproj; sourceTree = "<group>"; };
		154FB7690FB1F06D00DB26C6 /* it.lproj */ = {isa = PBXFileReference; lastKnownFileType = folder; path = it.lproj; sourceTree = "<group>"; };
		154FB76A0FB1F06D00DB26C6 /* ru.lproj */ = {isa = PBXFileReference; lastKnownFileType = folder; path = ru.lproj; sourceTree = "<group>"; };
		154FB76B0FB1F06D00DB26C6 /* sv.lproj */ = {isa = PBXFileReference; lastKnownFileType = folder; path = sv.lproj; sourceTree = "<group>"; };
		154FB7900FB1F16000DB26C6 /* fr.lproj */ = {isa = PBXFileReference; lastKnownFileType = folder; path = fr.lproj; sourceTree = "<group>"; };
		154FB7910FB1F16000DB26C6 /* it.lproj */ = {isa = PBXFileReference; lastKnownFileType = folder; path = it.lproj; sourceTree = "<group>"; };
		154FB7920FB1F16000DB26C6 /* ru.lproj */ = {isa = PBXFileReference; lastKnownFileType = folder; path = ru.lproj; sourceTree = "<group>"; };
		154FB7930FB1F16000DB26C6 /* sv.lproj */ = {isa = PBXFileReference; lastKnownFileType = folder; path = sv.lproj; sourceTree = "<group>"; };
		15518FAE0F8254FD0055BCEC /* MuiKit.xcodeproj */ = {isa = PBXFileReference; lastKnownFileType = "wrapper.pb-project"; path = MuiKit.xcodeproj; sourceTree = INFINITELABS_LIB_MUIKIT; };
		1558EF910FB8763600737F38 /* Locales */ = {isa = PBXFileReference; lastKnownFileType = folder; path = Locales; sourceTree = "<group>"; };
		1559B5AF0F7982D0005E4362 /* L0MoverPeer.h */ = {isa = PBXFileReference; fileEncoding = 4; lastKnownFileType = sourcecode.c.h; path = L0MoverPeer.h; sourceTree = "<group>"; };
		1559B5B00F7982D0005E4362 /* L0MoverPeer.m */ = {isa = PBXFileReference; fileEncoding = 4; lastKnownFileType = sourcecode.c.objc; path = L0MoverPeer.m; sourceTree = "<group>"; };
		1559B5BC0F798463005E4362 /* L0BonjourPeer.h */ = {isa = PBXFileReference; fileEncoding = 4; lastKnownFileType = sourcecode.c.h; path = L0BonjourPeer.h; sourceTree = "<group>"; };
		1559B5BD0F798463005E4362 /* L0BonjourPeer.m */ = {isa = PBXFileReference; fileEncoding = 4; lastKnownFileType = sourcecode.c.objc; path = L0BonjourPeer.m; sourceTree = "<group>"; };
		1559B5DA0F798AE1005E4362 /* L0BonjourPeeringService.h */ = {isa = PBXFileReference; fileEncoding = 4; lastKnownFileType = sourcecode.c.h; path = L0BonjourPeeringService.h; sourceTree = "<group>"; };
		1559B5DB0F798AE1005E4362 /* L0BonjourPeeringService.m */ = {isa = PBXFileReference; fileEncoding = 4; lastKnownFileType = sourcecode.c.objc; path = L0BonjourPeeringService.m; sourceTree = "<group>"; };
		1559B61B0F798BD9005E4362 /* L0PeerDiscovery.h */ = {isa = PBXFileReference; fileEncoding = 4; lastKnownFileType = sourcecode.c.h; path = L0PeerDiscovery.h; sourceTree = "<group>"; };
		1582D29F0F87DC5E008E5EC0 /* AdHoc.plist */ = {isa = PBXFileReference; fileEncoding = 4; lastKnownFileType = text.plist.xml; path = AdHoc.plist; sourceTree = "<group>"; };
		1582D8E30F90806F0084EBC6 /* WhiteOverlay.png */ = {isa = PBXFileReference; lastKnownFileType = image.png; path = WhiteOverlay.png; sourceTree = "<group>"; };
		1582D8F20F9082A00084EBC6 /* About.png */ = {isa = PBXFileReference; lastKnownFileType = image.png; path = About.png; sourceTree = "<group>"; };
		1582D9280F9086910084EBC6 /* LicensesAndCopyrightPage */ = {isa = PBXFileReference; lastKnownFileType = folder; name = LicensesAndCopyrightPage; path = AboutPane/LicensesAndCopyrightPage; sourceTree = "<group>"; };
		158ED8550F9FAA5E00C65EDE /* iTunesArtwork */ = {isa = PBXFileReference; lastKnownFileType = file; path = iTunesArtwork; sourceTree = "<group>"; };
		15911E3A0F8F738E00BECD18 /* Gear.png */ = {isa = PBXFileReference; lastKnownFileType = image.png; path = Gear.png; sourceTree = "<group>"; };
		15911E740F8FA2D900BECD18 /* L0AddressBookPersonItem.h */ = {isa = PBXFileReference; fileEncoding = 4; lastKnownFileType = sourcecode.c.h; path = L0AddressBookPersonItem.h; sourceTree = "<group>"; };
		15911E750F8FA2D900BECD18 /* L0AddressBookPersonItem.m */ = {isa = PBXFileReference; fileEncoding = 4; lastKnownFileType = sourcecode.c.objc; path = L0AddressBookPersonItem.m; sourceTree = "<group>"; };
		15911E770F8FA2F900BECD18 /* AddressBook.framework */ = {isa = PBXFileReference; lastKnownFileType = wrapper.framework; name = AddressBook.framework; path = System/Library/Frameworks/AddressBook.framework; sourceTree = SDKROOT; };
		15911E790F8FA2F900BECD18 /* AddressBookUI.framework */ = {isa = PBXFileReference; lastKnownFileType = wrapper.framework; name = AddressBookUI.framework; path = System/Library/Frameworks/AddressBookUI.framework; sourceTree = SDKROOT; };
		159120810F8FD04B00BECD18 /* English */ = {isa = PBXFileReference; lastKnownFileType = file.xib; name = English; path = English.lproj/L0MoverAboutPane.xib; sourceTree = "<group>"; };
		1591220F0F8FE41E00BECD18 /* Default.png */ = {isa = PBXFileReference; lastKnownFileType = image.png; path = Default.png; sourceTree = "<group>"; };
		15AB647C0F82AEFC001221FE /* L0MoverUTISupport.h */ = {isa = PBXFileReference; fileEncoding = 4; lastKnownFileType = sourcecode.c.h; path = L0MoverUTISupport.h; sourceTree = "<group>"; };
		15AF0FEF0FA46B8B0047634C /* Settings.bundle */ = {isa = PBXFileReference; lastKnownFileType = "wrapper.plug-in"; path = Settings.bundle; sourceTree = "<group>"; };
		15B7BF2A0F9C75FD00EF9AB9 /* Logging.xcodeproj */ = {isa = PBXFileReference; lastKnownFileType = "wrapper.pb-project"; name = Logging.xcodeproj; path = Logging/Logging.xcodeproj; sourceTree = INFINITELABS_TOOLS; };
		15B929330F906DFF001E40B7 /* L0MoverAppDelegate+L0HelpAlerts.h */ = {isa = PBXFileReference; fileEncoding = 4; lastKnownFileType = sourcecode.c.h; path = "L0MoverAppDelegate+L0HelpAlerts.h"; sourceTree = "<group>"; };
		15B929340F906DFF001E40B7 /* L0MoverAppDelegate+L0HelpAlerts.m */ = {isa = PBXFileReference; fileEncoding = 4; lastKnownFileType = sourcecode.c.objc; path = "L0MoverAppDelegate+L0HelpAlerts.m"; sourceTree = "<group>"; };
		15B9293F0F906FA2001E40B7 /* L0MoverWelcome.alert */ = {isa = PBXFileReference; fileEncoding = 4; lastKnownFileType = text.xml; path = L0MoverWelcome.alert; sourceTree = "<group>"; };
		15B929430F9070AB001E40B7 /* L0ImageReceived_iPhone.alert */ = {isa = PBXFileReference; fileEncoding = 4; lastKnownFileType = text.xml; path = L0ImageReceived_iPhone.alert; sourceTree = "<group>"; };
		15B929450F9070C8001E40B7 /* L0ImageReceived_iPod.alert */ = {isa = PBXFileReference; fileEncoding = 4; lastKnownFileType = text.xml; path = L0ImageReceived_iPod.alert; sourceTree = "<group>"; };
		15B929470F907147001E40B7 /* L0ContactReceived.alert */ = {isa = PBXFileReference; fileEncoding = 4; lastKnownFileType = text.xml; path = L0ContactReceived.alert; sourceTree = "<group>"; };
		15B929610F907589001E40B7 /* L0EditingIsNondestructive.alert */ = {isa = PBXFileReference; fileEncoding = 4; lastKnownFileType = text.xml; path = L0EditingIsNondestructive.alert; sourceTree = "<group>"; };
		15B9296B0F907955001E40B7 /* ContactWithoutImageIcon.png */ = {isa = PBXFileReference; lastKnownFileType = image.png; path = ContactWithoutImageIcon.png; sourceTree = "<group>"; };
		15B929DC0F907B6C001E40B7 /* inflabs_dark.png */ = {isa = PBXFileReference; lastKnownFileType = image.png; path = inflabs_dark.png; sourceTree = "<group>"; };
		15B929DD0F907B6C001E40B7 /* inflabs.png */ = {isa = PBXFileReference; lastKnownFileType = image.png; path = inflabs.png; sourceTree = "<group>"; };
		15B929FC0F907BD9001E40B7 /* L0MoverAboutPane.h */ = {isa = PBXFileReference; fileEncoding = 4; lastKnownFileType = sourcecode.c.h; path = L0MoverAboutPane.h; sourceTree = "<group>"; };
		15B929FD0F907BD9001E40B7 /* L0MoverAboutPane.m */ = {isa = PBXFileReference; fileEncoding = 4; lastKnownFileType = sourcecode.c.objc; path = L0MoverAboutPane.m; sourceTree = "<group>"; };
		15C0C1640F7590D000E5BA2F /* English */ = {isa = PBXFileReference; lastKnownFileType = file.xib; name = English; path = English.lproj/L0MoverItemView.xib; sourceTree = "<group>"; };
		15C0C1690F75910000E5BA2F /* frame.png */ = {isa = PBXFileReference; lastKnownFileType = image.png; path = frame.png; sourceTree = "<group>"; };
		15C0C16B0F75918800E5BA2F /* L0MoverItemView.h */ = {isa = PBXFileReference; fileEncoding = 4; lastKnownFileType = sourcecode.c.h; path = L0MoverItemView.h; sourceTree = "<group>"; };
		15C0C16C0F75918800E5BA2F /* L0MoverItemView.m */ = {isa = PBXFileReference; fileEncoding = 4; lastKnownFileType = sourcecode.c.objc; path = L0MoverItemView.m; sourceTree = "<group>"; };
		15C0C1700F75938F00E5BA2F /* L0MoverItem.h */ = {isa = PBXFileReference; fileEncoding = 4; lastKnownFileType = sourcecode.c.h; path = L0MoverItem.h; sourceTree = "<group>"; };
		15C0C1710F75938F00E5BA2F /* L0MoverItem.m */ = {isa = PBXFileReference; fileEncoding = 4; lastKnownFileType = sourcecode.c.objc; path = L0MoverItem.m; sourceTree = "<group>"; };
		15C0C1CC0F759B8700E5BA2F /* L0ImageItem.h */ = {isa = PBXFileReference; fileEncoding = 4; lastKnownFileType = sourcecode.c.h; path = L0ImageItem.h; sourceTree = "<group>"; };
		15C0C1CD0F759B8700E5BA2F /* L0ImageItem.m */ = {isa = PBXFileReference; fileEncoding = 4; lastKnownFileType = sourcecode.c.objc; path = L0ImageItem.m; sourceTree = "<group>"; };
		15C468DD0F8515ED0088F07F /* RemoveButton.png */ = {isa = PBXFileReference; lastKnownFileType = image.png; path = RemoveButton.png; sourceTree = "<group>"; };
		15C5E9E80F86103000236370 /* Mover.todo */ = {isa = PBXFileReference; explicitFileType = file; fileEncoding = 4; path = Mover.todo; sourceTree = "<group>"; };
		15D1C56F0F889D7000FF3016 /* Mover.xcconfig */ = {isa = PBXFileReference; fileEncoding = 4; lastKnownFileType = text.xcconfig; path = Mover.xcconfig; sourceTree = "<group>"; };
		15D1C5700F889D7000FF3016 /* Mover-Release.xcconfig */ = {isa = PBXFileReference; fileEncoding = 4; lastKnownFileType = text.xcconfig; path = "Mover-Release.xcconfig"; sourceTree = "<group>"; };
		15D1C5710F889D7000FF3016 /* Mover-Debug.xcconfig */ = {isa = PBXFileReference; fileEncoding = 4; lastKnownFileType = text.xcconfig; path = "Mover-Debug.xcconfig"; sourceTree = "<group>"; };
		15E054E50F8CEFC400506C27 /* QuartzCore.framework */ = {isa = PBXFileReference; lastKnownFileType = wrapper.framework; name = QuartzCore.framework; path = System/Library/Frameworks/QuartzCore.framework; sourceTree = SDKROOT; };
		15E415120FB9882F0065E831 /* L0BookmarkItem.h */ = {isa = PBXFileReference; fileEncoding = 4; lastKnownFileType = sourcecode.c.h; path = L0BookmarkItem.h; sourceTree = "<group>"; };
		15E415130FB9882F0065E831 /* L0BookmarkItem.m */ = {isa = PBXFileReference; fileEncoding = 4; lastKnownFileType = sourcecode.c.objc; path = L0BookmarkItem.m; sourceTree = "<group>"; };
		15E7FDF50FADC3B800E9C438 /* English */ = {isa = PBXFileReference; fileEncoding = 4; lastKnownFileType = text.plist.strings; name = English; path = English.lproj/Localizable.strings; sourceTree = "<group>"; };
		15F67DF20F76262F0024A858 /* BLIP Overview.txt */ = {isa = PBXFileReference; fileEncoding = 4; lastKnownFileType = text; path = "BLIP Overview.txt"; sourceTree = "<group>"; };
		15F67DF30F76262F0024A858 /* BLIP.h */ = {isa = PBXFileReference; fileEncoding = 4; lastKnownFileType = sourcecode.c.h; path = BLIP.h; sourceTree = "<group>"; };
		15F67DF40F76262F0024A858 /* BLIP.png */ = {isa = PBXFileReference; lastKnownFileType = image.png; path = BLIP.png; sourceTree = "<group>"; };
		15F67DF50F76262F0024A858 /* BLIP_Internal.h */ = {isa = PBXFileReference; fileEncoding = 4; lastKnownFileType = sourcecode.c.h; path = BLIP_Internal.h; sourceTree = "<group>"; };
		15F67DF60F76262F0024A858 /* BLIPConnection.h */ = {isa = PBXFileReference; fileEncoding = 4; lastKnownFileType = sourcecode.c.h; path = BLIPConnection.h; sourceTree = "<group>"; };
		15F67DF70F76262F0024A858 /* BLIPConnection.m */ = {isa = PBXFileReference; fileEncoding = 4; lastKnownFileType = sourcecode.c.objc; path = BLIPConnection.m; sourceTree = "<group>"; };
		15F67DF80F76262F0024A858 /* BLIPDispatcher.h */ = {isa = PBXFileReference; fileEncoding = 4; lastKnownFileType = sourcecode.c.h; path = BLIPDispatcher.h; sourceTree = "<group>"; };
		15F67DF90F76262F0024A858 /* BLIPDispatcher.m */ = {isa = PBXFileReference; fileEncoding = 4; lastKnownFileType = sourcecode.c.objc; path = BLIPDispatcher.m; sourceTree = "<group>"; };
		15F67DFA0F76262F0024A858 /* BLIPMessage.h */ = {isa = PBXFileReference; fileEncoding = 4; lastKnownFileType = sourcecode.c.h; path = BLIPMessage.h; sourceTree = "<group>"; };
		15F67DFB0F76262F0024A858 /* BLIPMessage.m */ = {isa = PBXFileReference; fileEncoding = 4; lastKnownFileType = sourcecode.c.objc; path = BLIPMessage.m; sourceTree = "<group>"; };
		15F67DFC0F76262F0024A858 /* BLIPProperties.h */ = {isa = PBXFileReference; fileEncoding = 4; lastKnownFileType = sourcecode.c.h; path = BLIPProperties.h; sourceTree = "<group>"; };
		15F67DFD0F76262F0024A858 /* BLIPProperties.m */ = {isa = PBXFileReference; fileEncoding = 4; lastKnownFileType = sourcecode.c.objc; path = BLIPProperties.m; sourceTree = "<group>"; };
		15F67DFE0F76262F0024A858 /* BLIPReader.h */ = {isa = PBXFileReference; fileEncoding = 4; lastKnownFileType = sourcecode.c.h; path = BLIPReader.h; sourceTree = "<group>"; };
		15F67DFF0F76262F0024A858 /* BLIPReader.m */ = {isa = PBXFileReference; fileEncoding = 4; lastKnownFileType = sourcecode.c.objc; path = BLIPReader.m; sourceTree = "<group>"; };
		15F67E000F76262F0024A858 /* BLIPRequest.h */ = {isa = PBXFileReference; fileEncoding = 4; lastKnownFileType = sourcecode.c.h; path = BLIPRequest.h; sourceTree = "<group>"; };
		15F67E010F76262F0024A858 /* BLIPRequest.m */ = {isa = PBXFileReference; fileEncoding = 4; lastKnownFileType = sourcecode.c.objc; path = BLIPRequest.m; sourceTree = "<group>"; };
		15F67E020F76262F0024A858 /* BLIPTest.m */ = {isa = PBXFileReference; fileEncoding = 4; lastKnownFileType = sourcecode.c.objc; path = BLIPTest.m; sourceTree = "<group>"; };
		15F67E030F76262F0024A858 /* BLIPWriter.h */ = {isa = PBXFileReference; fileEncoding = 4; lastKnownFileType = sourcecode.c.h; path = BLIPWriter.h; sourceTree = "<group>"; };
		15F67E040F76262F0024A858 /* BLIPWriter.m */ = {isa = PBXFileReference; fileEncoding = 4; lastKnownFileType = sourcecode.c.objc; path = BLIPWriter.m; sourceTree = "<group>"; };
		15F67E050F76262F0024A858 /* TCP_Internal.h */ = {isa = PBXFileReference; fileEncoding = 4; lastKnownFileType = sourcecode.c.h; path = TCP_Internal.h; sourceTree = "<group>"; };
		15F67E060F76262F0024A858 /* TCPConnection.h */ = {isa = PBXFileReference; fileEncoding = 4; lastKnownFileType = sourcecode.c.h; path = TCPConnection.h; sourceTree = "<group>"; };
		15F67E070F76262F0024A858 /* TCPConnection.m */ = {isa = PBXFileReference; fileEncoding = 4; lastKnownFileType = sourcecode.c.objc; path = TCPConnection.m; sourceTree = "<group>"; };
		15F67E080F76262F0024A858 /* TCPEndpoint.h */ = {isa = PBXFileReference; fileEncoding = 4; lastKnownFileType = sourcecode.c.h; path = TCPEndpoint.h; sourceTree = "<group>"; };
		15F67E090F76262F0024A858 /* TCPEndpoint.m */ = {isa = PBXFileReference; fileEncoding = 4; lastKnownFileType = sourcecode.c.objc; path = TCPEndpoint.m; sourceTree = "<group>"; };
		15F67E0A0F76262F0024A858 /* TCPListener.h */ = {isa = PBXFileReference; fileEncoding = 4; lastKnownFileType = sourcecode.c.h; path = TCPListener.h; sourceTree = "<group>"; };
		15F67E0B0F76262F0024A858 /* TCPListener.m */ = {isa = PBXFileReference; fileEncoding = 4; lastKnownFileType = sourcecode.c.objc; path = TCPListener.m; sourceTree = "<group>"; };
		15F67E0C0F76262F0024A858 /* TCPStream.h */ = {isa = PBXFileReference; fileEncoding = 4; lastKnownFileType = sourcecode.c.h; path = TCPStream.h; sourceTree = "<group>"; };
		15F67E0D0F76262F0024A858 /* TCPStream.m */ = {isa = PBXFileReference; fileEncoding = 4; lastKnownFileType = sourcecode.c.objc; path = TCPStream.m; sourceTree = "<group>"; };
		15F67E0E0F76262F0024A858 /* TCPWriter.h */ = {isa = PBXFileReference; fileEncoding = 4; lastKnownFileType = sourcecode.c.h; path = TCPWriter.h; sourceTree = "<group>"; };
		15F67E0F0F76262F0024A858 /* TCPWriter.m */ = {isa = PBXFileReference; fileEncoding = 4; lastKnownFileType = sourcecode.c.objc; path = TCPWriter.m; sourceTree = "<group>"; };
		15F67F010F7626A30024A858 /* MYUtilities_Prefix.pch */ = {isa = PBXFileReference; fileEncoding = 4; lastKnownFileType = sourcecode.c.h; path = MYUtilities_Prefix.pch; sourceTree = "<group>"; };
		15F67F020F7626A30024A858 /* CollectionUtils.h */ = {isa = PBXFileReference; fileEncoding = 4; lastKnownFileType = sourcecode.c.h; path = CollectionUtils.h; sourceTree = "<group>"; };
		15F67F030F7626A30024A858 /* CollectionUtils.m */ = {isa = PBXFileReference; fileEncoding = 4; lastKnownFileType = sourcecode.c.objc; path = CollectionUtils.m; sourceTree = "<group>"; };
		15F67F040F7626A30024A858 /* ExceptionUtils.h */ = {isa = PBXFileReference; fileEncoding = 4; lastKnownFileType = sourcecode.c.h; path = ExceptionUtils.h; sourceTree = "<group>"; };
		15F67F050F7626A30024A858 /* ExceptionUtils.m */ = {isa = PBXFileReference; fileEncoding = 4; lastKnownFileType = sourcecode.c.objc; path = ExceptionUtils.m; sourceTree = "<group>"; };
		15F67F060F7626A30024A858 /* Logging.h */ = {isa = PBXFileReference; fileEncoding = 4; lastKnownFileType = sourcecode.c.h; path = Logging.h; sourceTree = "<group>"; };
		15F67F070F7626A30024A858 /* Logging.m */ = {isa = PBXFileReference; fileEncoding = 4; lastKnownFileType = sourcecode.c.objc; path = Logging.m; sourceTree = "<group>"; };
		15F67F080F7626A30024A858 /* Target.h */ = {isa = PBXFileReference; fileEncoding = 4; lastKnownFileType = sourcecode.c.h; path = Target.h; sourceTree = "<group>"; };
		15F67F090F7626A30024A858 /* Target.m */ = {isa = PBXFileReference; fileEncoding = 4; lastKnownFileType = sourcecode.c.objc; path = Target.m; sourceTree = "<group>"; };
		15F67F0A0F7626A30024A858 /* Test.h */ = {isa = PBXFileReference; fileEncoding = 4; lastKnownFileType = sourcecode.c.h; path = Test.h; sourceTree = "<group>"; };
		15F67F0B0F7626A30024A858 /* Test.m */ = {isa = PBXFileReference; fileEncoding = 4; lastKnownFileType = sourcecode.c.objc; path = Test.m; sourceTree = "<group>"; };
		15F67F0D0F7626A30024A858 /* GTMDefines.h */ = {isa = PBXFileReference; fileEncoding = 4; lastKnownFileType = sourcecode.c.h; path = GTMDefines.h; sourceTree = "<group>"; };
		15F67F0E0F7626A30024A858 /* GTMNSData+zlib.h */ = {isa = PBXFileReference; fileEncoding = 4; lastKnownFileType = sourcecode.c.h; path = "GTMNSData+zlib.h"; sourceTree = "<group>"; };
		15F67F0F0F7626A30024A858 /* GTMNSData+zlib.m */ = {isa = PBXFileReference; fileEncoding = 4; lastKnownFileType = sourcecode.c.objc; path = "GTMNSData+zlib.m"; sourceTree = "<group>"; };
		15F67F2D0F7627A20024A858 /* IPAddress.m */ = {isa = PBXFileReference; fileEncoding = 4; lastKnownFileType = sourcecode.c.objc; path = IPAddress.m; sourceTree = "<group>"; };
		15F67F2E0F7627A20024A858 /* IPAddress.h */ = {isa = PBXFileReference; fileEncoding = 4; lastKnownFileType = sourcecode.c.h; path = IPAddress.h; sourceTree = "<group>"; };
		15F67F300F7627B20024A858 /* CFNetwork.framework */ = {isa = PBXFileReference; lastKnownFileType = wrapper.framework; name = CFNetwork.framework; path = System/Library/Frameworks/CFNetwork.framework; sourceTree = SDKROOT; };
		15F67F330F7627C60024A858 /* libz.1.1.3.dylib */ = {isa = PBXFileReference; lastKnownFileType = "compiled.mach-o.dylib"; name = libz.1.1.3.dylib; path = usr/lib/libz.1.1.3.dylib; sourceTree = SDKROOT; };
		15F67F810F7632260024A858 /* L0MoverItemsTableController.h */ = {isa = PBXFileReference; fileEncoding = 4; lastKnownFileType = sourcecode.c.h; path = L0MoverItemsTableController.h; sourceTree = "<group>"; };
		15F67F820F7632260024A858 /* L0MoverItemsTableController.m */ = {isa = PBXFileReference; fileEncoding = 4; lastKnownFileType = sourcecode.c.objc; path = L0MoverItemsTableController.m; sourceTree = "<group>"; };
		15F67F840F7632BB0024A858 /* English */ = {isa = PBXFileReference; lastKnownFileType = file.xib; name = English; path = English.lproj/L0MoverItemsTable.xib; sourceTree = "<group>"; };
		15F67FD50F7689F80024A858 /* ItemsTableBackdrop.png */ = {isa = PBXFileReference; lastKnownFileType = image.png; path = ItemsTableBackdrop.png; sourceTree = "<group>"; };
		15F67FD70F768A800024A858 /* TableArrow_East.png */ = {isa = PBXFileReference; lastKnownFileType = image.png; path = TableArrow_East.png; sourceTree = "<group>"; };
		15F67FD80F768A800024A858 /* TableArrow_North.png */ = {isa = PBXFileReference; lastKnownFileType = image.png; path = TableArrow_North.png; sourceTree = "<group>"; };
		15F67FD90F768A800024A858 /* TableArrow_West.png */ = {isa = PBXFileReference; lastKnownFileType = image.png; path = TableArrow_West.png; sourceTree = "<group>"; };
		1D30AB110D05D00D00671497 /* Foundation.framework */ = {isa = PBXFileReference; lastKnownFileType = wrapper.framework; name = Foundation.framework; path = System/Library/Frameworks/Foundation.framework; sourceTree = SDKROOT; };
		1D3623240D0F684500981E51 /* L0MoverAppDelegate.h */ = {isa = PBXFileReference; fileEncoding = 4; lastKnownFileType = sourcecode.c.h; path = L0MoverAppDelegate.h; sourceTree = "<group>"; };
		1D3623250D0F684500981E51 /* L0MoverAppDelegate.m */ = {isa = PBXFileReference; fileEncoding = 4; lastKnownFileType = sourcecode.c.objc; path = L0MoverAppDelegate.m; sourceTree = "<group>"; };
		1D6058910D05DD3D006BFB54 /* Mover.app */ = {isa = PBXFileReference; explicitFileType = wrapper.application; includeInIndex = 0; path = Mover.app; sourceTree = BUILT_PRODUCTS_DIR; };
		1DF5F4DF0D08C38300B7A737 /* UIKit.framework */ = {isa = PBXFileReference; lastKnownFileType = wrapper.framework; name = UIKit.framework; path = System/Library/Frameworks/UIKit.framework; sourceTree = SDKROOT; };
		288765FC0DF74451002DB57D /* CoreGraphics.framework */ = {isa = PBXFileReference; lastKnownFileType = wrapper.framework; name = CoreGraphics.framework; path = System/Library/Frameworks/CoreGraphics.framework; sourceTree = SDKROOT; };
		28AD733E0D9D9553002E5188 /* English */ = {isa = PBXFileReference; lastKnownFileType = file.xib; name = English; path = English.lproj/MainWindow.xib; sourceTree = "<group>"; };
		29B97316FDCFA39411CA2CEA /* main.m */ = {isa = PBXFileReference; fileEncoding = 4; lastKnownFileType = sourcecode.c.objc; path = main.m; sourceTree = "<group>"; };
		32CA4F630368D1EE00C91783 /* Shard_Prefix.pch */ = {isa = PBXFileReference; fileEncoding = 4; lastKnownFileType = sourcecode.c.h; path = Shard_Prefix.pch; sourceTree = "<group>"; };
		8D1107310486CEB800E47090 /* Info.plist */ = {isa = PBXFileReference; fileEncoding = 4; lastKnownFileType = text.plist.xml; path = Info.plist; plistStructureDefinitionIdentifier = "com.apple.xcode.plist.structure-definition.iphone.info-plist"; sourceTree = "<group>"; };
/* End PBXFileReference section */

/* Begin PBXFrameworksBuildPhase section */
		1D60588F0D05DD3D006BFB54 /* Frameworks */ = {
			isa = PBXFrameworksBuildPhase;
			buildActionMask = 2147483647;
			files = (
				15B7BF6D0F9C778E00EF9AB9 /* libLogging-iPhone.a in Frameworks */,
				1572DE8D0F82BE83006BEEC0 /* libMuiKit.a in Frameworks */,
				1D60589F0D05DD5A006BFB54 /* Foundation.framework in Frameworks */,
				1DF5F4E00D08C38300B7A737 /* UIKit.framework in Frameworks */,
				288765FD0DF74451002DB57D /* CoreGraphics.framework in Frameworks */,
				15F67F310F7627B20024A858 /* CFNetwork.framework in Frameworks */,
				15F67F340F7627C60024A858 /* libz.1.1.3.dylib in Frameworks */,
				15E054E60F8CEFC400506C27 /* QuartzCore.framework in Frameworks */,
				15911E780F8FA2F900BECD18 /* AddressBook.framework in Frameworks */,
				15911E7A0F8FA2F900BECD18 /* AddressBookUI.framework in Frameworks */,
				150A4D770FA39D5D006B9BB4 /* SystemConfiguration.framework in Frameworks */,
			);
			runOnlyForDeploymentPostprocessing = 0;
		};
/* End PBXFrameworksBuildPhase section */

/* Begin PBXGroup section */
		080E96DDFE201D6D7F000001 /* Classes */ = {
			isa = PBXGroup;
			children = (
				1559B5B20F79843F005E4362 /* Peering */,
				15C0C1CB0F759B7500E5BA2F /* Items */,
				1D3623240D0F684500981E51 /* L0MoverAppDelegate.h */,
				1D3623250D0F684500981E51 /* L0MoverAppDelegate.m */,
				153734EB0F8F3C05005B2BD3 /* L0MoverAppDelegate+L0ItemPersistance.h */,
				153734EC0F8F3C05005B2BD3 /* L0MoverAppDelegate+L0ItemPersistance.m */,
				15B929330F906DFF001E40B7 /* L0MoverAppDelegate+L0HelpAlerts.h */,
				15B929340F906DFF001E40B7 /* L0MoverAppDelegate+L0HelpAlerts.m */,
				153629EF0FB81C61000A7EC9 /* L0MoverAppDelegate+L0UITestingHooks.h */,
				153629F00FB81C61000A7EC9 /* L0MoverAppDelegate+L0UITestingHooks.m */,
				15C0C16B0F75918800E5BA2F /* L0MoverItemView.h */,
				15C0C16C0F75918800E5BA2F /* L0MoverItemView.m */,
				15F67F810F7632260024A858 /* L0MoverItemsTableController.h */,
				15F67F820F7632260024A858 /* L0MoverItemsTableController.m */,
				15B929FC0F907BD9001E40B7 /* L0MoverAboutPane.h */,
				15B929FD0F907BD9001E40B7 /* L0MoverAboutPane.m */,
			);
			path = Classes;
			sourceTree = "<group>";
		};
		154FB78F0FB1F14700DB26C6 /* Compiled Locales */ = {
			isa = PBXGroup;
			children = (
				154FB7900FB1F16000DB26C6 /* fr.lproj */,
				154FB7910FB1F16000DB26C6 /* it.lproj */,
				154FB7920FB1F16000DB26C6 /* ru.lproj */,
				154FB7930FB1F16000DB26C6 /* sv.lproj */,
			);
			path = "Compiled Locales";
			sourceTree = "<group>";
		};
		1559B5B20F79843F005E4362 /* Peering */ = {
			isa = PBXGroup;
			children = (
				1559B61B0F798BD9005E4362 /* L0PeerDiscovery.h */,
				1559B5AF0F7982D0005E4362 /* L0MoverPeer.h */,
				1559B5B00F7982D0005E4362 /* L0MoverPeer.m */,
				1559B5BC0F798463005E4362 /* L0BonjourPeer.h */,
				1559B5BD0F798463005E4362 /* L0BonjourPeer.m */,
				1559B5DA0F798AE1005E4362 /* L0BonjourPeeringService.h */,
				1559B5DB0F798AE1005E4362 /* L0BonjourPeeringService.m */,
			);
			name = Peering;
			sourceTree = "<group>";
		};
		15729E260FB09BC200CD1310 /* Compiled Settings Locales */ = {
			isa = PBXGroup;
			children = (
				154FB7680FB1F06D00DB26C6 /* fr.lproj */,
				154FB7690FB1F06D00DB26C6 /* it.lproj */,
				154FB76A0FB1F06D00DB26C6 /* ru.lproj */,
				154FB76B0FB1F06D00DB26C6 /* sv.lproj */,
			);
			path = "Compiled Settings Locales";
			sourceTree = "<group>";
		};
		1572DE810F82BE7A006BEEC0 /* Products */ = {
			isa = PBXGroup;
			children = (
				1572DE880F82BE7A006BEEC0 /* libMuiKit.a */,
				1572DE8A0F82BE7A006BEEC0 /* MuiKit.bundle */,
			);
			name = Products;
			sourceTree = "<group>";
		};
		15B7BF330F9C760300EF9AB9 /* Products */ = {
			isa = PBXGroup;
			children = (
				15B7BF380F9C760300EF9AB9 /* Logging.framework */,
				15B7BF3A0F9C760300EF9AB9 /* libLogging-iPhone.a */,
			);
			name = Products;
			sourceTree = "<group>";
		};
		15C0C1CB0F759B7500E5BA2F /* Items */ = {
			isa = PBXGroup;
			children = (
				15C0C1700F75938F00E5BA2F /* L0MoverItem.h */,
				15C0C1710F75938F00E5BA2F /* L0MoverItem.m */,
				15C0C1CC0F759B8700E5BA2F /* L0ImageItem.h */,
				15C0C1CD0F759B8700E5BA2F /* L0ImageItem.m */,
				15911E740F8FA2D900BECD18 /* L0AddressBookPersonItem.h */,
				15911E750F8FA2D900BECD18 /* L0AddressBookPersonItem.m */,
				15E415120FB9882F0065E831 /* L0BookmarkItem.h */,
				15E415130FB9882F0065E831 /* L0BookmarkItem.m */,
			);
			name = Items;
			sourceTree = "<group>";
		};
		15D1C56C0F889D5C00FF3016 /* Configuration FIles */ = {
			isa = PBXGroup;
			children = (
				15D1C56F0F889D7000FF3016 /* Mover.xcconfig */,
				15D1C5700F889D7000FF3016 /* Mover-Release.xcconfig */,
				15D1C5710F889D7000FF3016 /* Mover-Debug.xcconfig */,
			);
			name = "Configuration FIles";
			sourceTree = "<group>";
		};
		15F67DF10F76262F0024A858 /* MYNetwork */ = {
			isa = PBXGroup;
			children = (
				15F67F2D0F7627A20024A858 /* IPAddress.m */,
				15F67F2E0F7627A20024A858 /* IPAddress.h */,
				15F67DF20F76262F0024A858 /* BLIP Overview.txt */,
				15F67DF30F76262F0024A858 /* BLIP.h */,
				15F67DF40F76262F0024A858 /* BLIP.png */,
				15F67DF50F76262F0024A858 /* BLIP_Internal.h */,
				15F67DF60F76262F0024A858 /* BLIPConnection.h */,
				15F67DF70F76262F0024A858 /* BLIPConnection.m */,
				15F67DF80F76262F0024A858 /* BLIPDispatcher.h */,
				15F67DF90F76262F0024A858 /* BLIPDispatcher.m */,
				15F67DFA0F76262F0024A858 /* BLIPMessage.h */,
				15F67DFB0F76262F0024A858 /* BLIPMessage.m */,
				15F67DFC0F76262F0024A858 /* BLIPProperties.h */,
				15F67DFD0F76262F0024A858 /* BLIPProperties.m */,
				15F67DFE0F76262F0024A858 /* BLIPReader.h */,
				15F67DFF0F76262F0024A858 /* BLIPReader.m */,
				15F67E000F76262F0024A858 /* BLIPRequest.h */,
				15F67E010F76262F0024A858 /* BLIPRequest.m */,
				15F67E020F76262F0024A858 /* BLIPTest.m */,
				15F67E030F76262F0024A858 /* BLIPWriter.h */,
				15F67E040F76262F0024A858 /* BLIPWriter.m */,
				15F67E050F76262F0024A858 /* TCP_Internal.h */,
				15F67E060F76262F0024A858 /* TCPConnection.h */,
				15F67E070F76262F0024A858 /* TCPConnection.m */,
				15F67E080F76262F0024A858 /* TCPEndpoint.h */,
				15F67E090F76262F0024A858 /* TCPEndpoint.m */,
				15F67E0A0F76262F0024A858 /* TCPListener.h */,
				15F67E0B0F76262F0024A858 /* TCPListener.m */,
				15F67E0C0F76262F0024A858 /* TCPStream.h */,
				15F67E0D0F76262F0024A858 /* TCPStream.m */,
				15F67E0E0F76262F0024A858 /* TCPWriter.h */,
				15F67E0F0F76262F0024A858 /* TCPWriter.m */,
			);
			path = MYNetwork;
			sourceTree = "<group>";
		};
		15F67EFF0F7626A30024A858 /* MYUtilities */ = {
			isa = PBXGroup;
			children = (
				15F67F010F7626A30024A858 /* MYUtilities_Prefix.pch */,
				15F67F020F7626A30024A858 /* CollectionUtils.h */,
				15F67F030F7626A30024A858 /* CollectionUtils.m */,
				15F67F040F7626A30024A858 /* ExceptionUtils.h */,
				15F67F050F7626A30024A858 /* ExceptionUtils.m */,
				15F67F060F7626A30024A858 /* Logging.h */,
				15F67F070F7626A30024A858 /* Logging.m */,
				15F67F080F7626A30024A858 /* Target.h */,
				15F67F090F7626A30024A858 /* Target.m */,
				15F67F0A0F7626A30024A858 /* Test.h */,
				15F67F0B0F7626A30024A858 /* Test.m */,
				15F67F0C0F7626A30024A858 /* GoogleToolboxSubset */,
			);
			path = MYUtilities;
			sourceTree = "<group>";
		};
		15F67F0C0F7626A30024A858 /* GoogleToolboxSubset */ = {
			isa = PBXGroup;
			children = (
				15F67F0D0F7626A30024A858 /* GTMDefines.h */,
				15F67F0E0F7626A30024A858 /* GTMNSData+zlib.h */,
				15F67F0F0F7626A30024A858 /* GTMNSData+zlib.m */,
			);
			path = GoogleToolboxSubset;
			sourceTree = "<group>";
		};
		19C28FACFE9D520D11CA2CBB /* Products */ = {
			isa = PBXGroup;
			children = (
				1D6058910D05DD3D006BFB54 /* Mover.app */,
			);
			name = Products;
			sourceTree = "<group>";
		};
		29B97314FDCFA39411CA2CEA /* CustomTemplate */ = {
			isa = PBXGroup;
			children = (
				1582D29F0F87DC5E008E5EC0 /* AdHoc.plist */,
				15C5E9E80F86103000236370 /* Mover.todo */,
				15AB647C0F82AEFC001221FE /* L0MoverUTISupport.h */,
				15D1C56C0F889D5C00FF3016 /* Configuration FIles */,
				080E96DDFE201D6D7F000001 /* Classes */,
				29B97315FDCFA39411CA2CEA /* Other Sources */,
				29B97317FDCFA39411CA2CEA /* Resources */,
				29B97323FDCFA39411CA2CEA /* Frameworks */,
				19C28FACFE9D520D11CA2CBB /* Products */,
			);
			name = CustomTemplate;
			sourceTree = "<group>";
		};
		29B97315FDCFA39411CA2CEA /* Other Sources */ = {
			isa = PBXGroup;
			children = (
				15518FAE0F8254FD0055BCEC /* MuiKit.xcodeproj */,
				15B7BF2A0F9C75FD00EF9AB9 /* Logging.xcodeproj */,
				15F67EFF0F7626A30024A858 /* MYUtilities */,
				15F67DF10F76262F0024A858 /* MYNetwork */,
				32CA4F630368D1EE00C91783 /* Shard_Prefix.pch */,
				29B97316FDCFA39411CA2CEA /* main.m */,
			);
			name = "Other Sources";
			sourceTree = "<group>";
		};
		29B97317FDCFA39411CA2CEA /* Resources */ = {
			isa = PBXGroup;
			children = (
				1558EF910FB8763600737F38 /* Locales */,
				154FB78F0FB1F14700DB26C6 /* Compiled Locales */,
				15729E260FB09BC200CD1310 /* Compiled Settings Locales */,
				158ED8550F9FAA5E00C65EDE /* iTunesArtwork */,
				1591220F0F8FE41E00BECD18 /* Default.png */,
				153735B60F8F5E06005B2BD3 /* Icon.png */,
				15911E3A0F8F738E00BECD18 /* Gear.png */,
				15C468DD0F8515ED0088F07F /* RemoveButton.png */,
				15038F240F852340008F6BBB /* RemoveButton_Pressed.png */,
				15F67FD70F768A800024A858 /* TableArrow_East.png */,
				15F67FD80F768A800024A858 /* TableArrow_North.png */,
				15F67FD90F768A800024A858 /* TableArrow_West.png */,
				15F67FD50F7689F80024A858 /* ItemsTableBackdrop.png */,
				15C0C1690F75910000E5BA2F /* frame.png */,
				15B9296B0F907955001E40B7 /* ContactWithoutImageIcon.png */,
				15E7FDEC0FADC37900E9C438 /* MainWindow.xib */,
				15E7FDEE0FADC37A00E9C438 /* L0MoverItemsTable.xib */,
				15E7FDF00FADC37A00E9C438 /* L0MoverItemView.xib */,
				15E7FDF20FADC37A00E9C438 /* L0MoverAboutPane.xib */,
				15B929430F9070AB001E40B7 /* L0ImageReceived_iPhone.alert */,
				15B929450F9070C8001E40B7 /* L0ImageReceived_iPod.alert */,
				15B929470F907147001E40B7 /* L0ContactReceived.alert */,
				15B929610F907589001E40B7 /* L0EditingIsNondestructive.alert */,
				15B9293F0F906FA2001E40B7 /* L0MoverWelcome.alert */,
				154FB61D0FB18EA500DB26C6 /* L0MoverNewVersion.alert */,
				15E7FDF40FADC3B800E9C438 /* Localizable.strings */,
				1582D8E30F90806F0084EBC6 /* WhiteOverlay.png */,
				1582D8F20F9082A00084EBC6 /* About.png */,
				15B929DC0F907B6C001E40B7 /* inflabs_dark.png */,
				15B929DD0F907B6C001E40B7 /* inflabs.png */,
				8D1107310486CEB800E47090 /* Info.plist */,
				1582D9280F9086910084EBC6 /* LicensesAndCopyrightPage */,
				15AF0FEF0FA46B8B0047634C /* Settings.bundle */,
			);
			name = Resources;
			sourceTree = "<group>";
		};
		29B97323FDCFA39411CA2CEA /* Frameworks */ = {
			isa = PBXGroup;
			children = (
				150A4D760FA39D5D006B9BB4 /* SystemConfiguration.framework */,
				15911E770F8FA2F900BECD18 /* AddressBook.framework */,
				15911E790F8FA2F900BECD18 /* AddressBookUI.framework */,
				15E054E50F8CEFC400506C27 /* QuartzCore.framework */,
				15F67F300F7627B20024A858 /* CFNetwork.framework */,
				15F67F330F7627C60024A858 /* libz.1.1.3.dylib */,
				1DF5F4DF0D08C38300B7A737 /* UIKit.framework */,
				1D30AB110D05D00D00671497 /* Foundation.framework */,
				288765FC0DF74451002DB57D /* CoreGraphics.framework */,
			);
			name = Frameworks;
			sourceTree = "<group>";
		};
/* End PBXGroup section */

/* Begin PBXNativeTarget section */
		1D6058900D05DD3D006BFB54 /* Mover */ = {
			isa = PBXNativeTarget;
			buildConfigurationList = 1D6058960D05DD3E006BFB54 /* Build configuration list for PBXNativeTarget "Mover" */;
			buildPhases = (
				15E7FDF90FADC41C00E9C438 /* Build Localizations */,
				1D60588D0D05DD3D006BFB54 /* Resources */,
				154FB7890FB1F0D500DB26C6 /* Copy Settings.bundle Localizations */,
				1D60588E0D05DD3D006BFB54 /* Sources */,
				1D60588F0D05DD3D006BFB54 /* Frameworks */,
			);
			buildRules = (
			);
			dependencies = (
				1572DE950F82C36F006BEEC0 /* PBXTargetDependency */,
				15B7BF3C0F9C760F00EF9AB9 /* PBXTargetDependency */,
			);
			name = Mover;
			productName = Shard;
			productReference = 1D6058910D05DD3D006BFB54 /* Mover.app */;
			productType = "com.apple.product-type.application";
		};
/* End PBXNativeTarget section */

/* Begin PBXProject section */
		29B97313FDCFA39411CA2CEA /* Project object */ = {
			isa = PBXProject;
			attributes = {
				BuildIndependentTargetsInParallel = YES;
			};
			buildConfigurationList = C01FCF4E08A954540054247B /* Build configuration list for PBXProject "Mover" */;
			compatibilityVersion = "Xcode 3.1";
			hasScannedForEncodings = 1;
			knownRegions = (
				English,
				Japanese,
				French,
				German,
				fr,
				ru,
				sv,
			);
			mainGroup = 29B97314FDCFA39411CA2CEA /* CustomTemplate */;
			projectDirPath = "";
			projectReferences = (
				{
					ProductGroup = 15B7BF330F9C760300EF9AB9 /* Products */;
					ProjectRef = 15B7BF2A0F9C75FD00EF9AB9 /* Logging.xcodeproj */;
				},
				{
					ProductGroup = 1572DE810F82BE7A006BEEC0 /* Products */;
					ProjectRef = 15518FAE0F8254FD0055BCEC /* MuiKit.xcodeproj */;
				},
			);
			projectRoot = "";
			targets = (
				1D6058900D05DD3D006BFB54 /* Mover */,
			);
		};
/* End PBXProject section */

/* Begin PBXReferenceProxy section */
		1572DE880F82BE7A006BEEC0 /* libMuiKit.a */ = {
			isa = PBXReferenceProxy;
			fileType = archive.ar;
			path = libMuiKit.a;
			remoteRef = 1572DE870F82BE7A006BEEC0 /* PBXContainerItemProxy */;
			sourceTree = BUILT_PRODUCTS_DIR;
		};
		1572DE8A0F82BE7A006BEEC0 /* MuiKit.bundle */ = {
			isa = PBXReferenceProxy;
			fileType = wrapper.cfbundle;
			path = MuiKit.bundle;
			remoteRef = 1572DE890F82BE7A006BEEC0 /* PBXContainerItemProxy */;
			sourceTree = BUILT_PRODUCTS_DIR;
		};
		15B7BF380F9C760300EF9AB9 /* Logging.framework */ = {
			isa = PBXReferenceProxy;
			fileType = wrapper.framework;
			path = Logging.framework;
			remoteRef = 15B7BF370F9C760300EF9AB9 /* PBXContainerItemProxy */;
			sourceTree = BUILT_PRODUCTS_DIR;
		};
		15B7BF3A0F9C760300EF9AB9 /* libLogging-iPhone.a */ = {
			isa = PBXReferenceProxy;
			fileType = archive.ar;
			path = "libLogging-iPhone.a";
			remoteRef = 15B7BF390F9C760300EF9AB9 /* PBXContainerItemProxy */;
			sourceTree = BUILT_PRODUCTS_DIR;
		};
/* End PBXReferenceProxy section */

/* Begin PBXResourcesBuildPhase section */
		1D60588D0D05DD3D006BFB54 /* Resources */ = {
			isa = PBXResourcesBuildPhase;
			buildActionMask = 2147483647;
			files = (
				154FB7940FB1F16400DB26C6 /* fr.lproj in Resources */,
				154FB7950FB1F16400DB26C6 /* it.lproj in Resources */,
				154FB7960FB1F16400DB26C6 /* ru.lproj in Resources */,
				154FB7970FB1F16400DB26C6 /* sv.lproj in Resources */,
				1572DE8E0F82BE8B006BEEC0 /* MuiKit.bundle in Resources */,
				15E7FDED0FADC37900E9C438 /* MainWindow.xib in Resources */,
				15E7FDF10FADC37A00E9C438 /* L0MoverItemView.xib in Resources */,
				15C0C16A0F75910000E5BA2F /* frame.png in Resources */,
				15F67E100F76262F0024A858 /* BLIP Overview.txt in Resources */,
				15F67E110F76262F0024A858 /* BLIP.png in Resources */,
				15E7FDEF0FADC37A00E9C438 /* L0MoverItemsTable.xib in Resources */,
				15F67FD60F7689F80024A858 /* ItemsTableBackdrop.png in Resources */,
				15F67FDA0F768A800024A858 /* TableArrow_East.png in Resources */,
				15F67FDB0F768A800024A858 /* TableArrow_North.png in Resources */,
				15F67FDC0F768A800024A858 /* TableArrow_West.png in Resources */,
				15C468DE0F8515ED0088F07F /* RemoveButton.png in Resources */,
				15038F250F852340008F6BBB /* RemoveButton_Pressed.png in Resources */,
				153735B70F8F5E06005B2BD3 /* Icon.png in Resources */,
				15911E3B0F8F738E00BECD18 /* Gear.png in Resources */,
				15E7FDF30FADC37A00E9C438 /* L0MoverAboutPane.xib in Resources */,
				159122100F8FE41E00BECD18 /* Default.png in Resources */,
				15B929400F906FA2001E40B7 /* L0MoverWelcome.alert in Resources */,
				15B929440F9070AB001E40B7 /* L0ImageReceived_iPhone.alert in Resources */,
				15B929460F9070C8001E40B7 /* L0ImageReceived_iPod.alert in Resources */,
				15B929480F907147001E40B7 /* L0ContactReceived.alert in Resources */,
				15B929620F907589001E40B7 /* L0EditingIsNondestructive.alert in Resources */,
				15B9296C0F907955001E40B7 /* ContactWithoutImageIcon.png in Resources */,
				15B929DE0F907B6C001E40B7 /* inflabs_dark.png in Resources */,
				15B929DF0F907B6C001E40B7 /* inflabs.png in Resources */,
				1582D8E40F90806F0084EBC6 /* WhiteOverlay.png in Resources */,
				1582D8F30F9082A00084EBC6 /* About.png in Resources */,
				1582D92B0F9086910084EBC6 /* LicensesAndCopyrightPage in Resources */,
				158ED8560F9FAA5E00C65EDE /* iTunesArtwork in Resources */,
				15AF0FF00FA46B8B0047634C /* Settings.bundle in Resources */,
				15E7FDF60FADC3B800E9C438 /* Localizable.strings in Resources */,
				154FB61E0FB18EA500DB26C6 /* L0MoverNewVersion.alert in Resources */,
			);
			runOnlyForDeploymentPostprocessing = 0;
		};
/* End PBXResourcesBuildPhase section */

/* Begin PBXShellScriptBuildPhase section */
		15E7FDF90FADC41C00E9C438 /* Build Localizations */ = {
			isa = PBXShellScriptBuildPhase;
			buildActionMask = 2147483647;
			files = (
			);
			inputPaths = (
			);
			name = "Build Localizations";
			outputPaths = (
			);
			runOnlyForDeploymentPostprocessing = 0;
			shellPath = /bin/sh;
			shellScript = "PRODUCE_APPLIED=YES \"$INFINITELABS_TOOLS\"/BuildLocale || exit 1\n\"$INFINITELABS_TOOLS\"/iPhone/BuildLocale_Settings || exit 1\n";
		};
/* End PBXShellScriptBuildPhase section */

/* Begin PBXSourcesBuildPhase section */
		1D60588E0D05DD3D006BFB54 /* Sources */ = {
			isa = PBXSourcesBuildPhase;
			buildActionMask = 2147483647;
			files = (
				1D60589B0D05DD56006BFB54 /* main.m in Sources */,
				1D3623260D0F684500981E51 /* L0MoverAppDelegate.m in Sources */,
				15C0C16D0F75918800E5BA2F /* L0MoverItemView.m in Sources */,
				15C0C1720F75938F00E5BA2F /* L0MoverItem.m in Sources */,
				15C0C1CE0F759B8700E5BA2F /* L0ImageItem.m in Sources */,
				15F67E120F76262F0024A858 /* BLIPConnection.m in Sources */,
				15F67E130F76262F0024A858 /* BLIPDispatcher.m in Sources */,
				15F67E140F76262F0024A858 /* BLIPMessage.m in Sources */,
				15F67E150F76262F0024A858 /* BLIPProperties.m in Sources */,
				15F67E160F76262F0024A858 /* BLIPReader.m in Sources */,
				15F67E170F76262F0024A858 /* BLIPRequest.m in Sources */,
				15F67E180F76262F0024A858 /* BLIPTest.m in Sources */,
				15F67E190F76262F0024A858 /* BLIPWriter.m in Sources */,
				15F67E1A0F76262F0024A858 /* TCPConnection.m in Sources */,
				15F67E1B0F76262F0024A858 /* TCPEndpoint.m in Sources */,
				15F67E1C0F76262F0024A858 /* TCPListener.m in Sources */,
				15F67E1D0F76262F0024A858 /* TCPStream.m in Sources */,
				15F67E1E0F76262F0024A858 /* TCPWriter.m in Sources */,
				15F67F110F7626A30024A858 /* CollectionUtils.m in Sources */,
				15F67F120F7626A30024A858 /* ExceptionUtils.m in Sources */,
				15F67F130F7626A30024A858 /* Logging.m in Sources */,
				15F67F140F7626A30024A858 /* Target.m in Sources */,
				15F67F150F7626A30024A858 /* Test.m in Sources */,
				15F67F160F7626A30024A858 /* GTMNSData+zlib.m in Sources */,
				15F67F2F0F7627A20024A858 /* IPAddress.m in Sources */,
				15F67F830F7632260024A858 /* L0MoverItemsTableController.m in Sources */,
				1559B5B10F7982D0005E4362 /* L0MoverPeer.m in Sources */,
				1559B5BE0F798463005E4362 /* L0BonjourPeer.m in Sources */,
				1559B5DC0F798AE1005E4362 /* L0BonjourPeeringService.m in Sources */,
				153734ED0F8F3C05005B2BD3 /* L0MoverAppDelegate+L0ItemPersistance.m in Sources */,
				15911E760F8FA2D900BECD18 /* L0AddressBookPersonItem.m in Sources */,
				15B929350F906DFF001E40B7 /* L0MoverAppDelegate+L0HelpAlerts.m in Sources */,
				15B929FE0F907BD9001E40B7 /* L0MoverAboutPane.m in Sources */,
				153629F10FB81C61000A7EC9 /* L0MoverAppDelegate+L0UITestingHooks.m in Sources */,
				15E415140FB9882F0065E831 /* L0BookmarkItem.m in Sources */,
			);
			runOnlyForDeploymentPostprocessing = 0;
		};
/* End PBXSourcesBuildPhase section */

/* Begin PBXTargetDependency section */
		1572DE950F82C36F006BEEC0 /* PBXTargetDependency */ = {
			isa = PBXTargetDependency;
			name = MuiKit;
			targetProxy = 1572DE940F82C36F006BEEC0 /* PBXContainerItemProxy */;
		};
		15B7BF3C0F9C760F00EF9AB9 /* PBXTargetDependency */ = {
			isa = PBXTargetDependency;
			name = "Logging-iPhone (Library)";
			targetProxy = 15B7BF3B0F9C760F00EF9AB9 /* PBXContainerItemProxy */;
		};
/* End PBXTargetDependency section */

/* Begin PBXVariantGroup section */
		15E7FDEC0FADC37900E9C438 /* MainWindow.xib */ = {
			isa = PBXVariantGroup;
			children = (
				28AD733E0D9D9553002E5188 /* English */,
			);
			name = MainWindow.xib;
			sourceTree = "<group>";
		};
		15E7FDEE0FADC37A00E9C438 /* L0MoverItemsTable.xib */ = {
			isa = PBXVariantGroup;
			children = (
				15F67F840F7632BB0024A858 /* English */,
			);
			name = L0MoverItemsTable.xib;
			sourceTree = "<group>";
		};
		15E7FDF00FADC37A00E9C438 /* L0MoverItemView.xib */ = {
			isa = PBXVariantGroup;
			children = (
				15C0C1640F7590D000E5BA2F /* English */,
			);
			name = L0MoverItemView.xib;
			sourceTree = "<group>";
		};
		15E7FDF20FADC37A00E9C438 /* L0MoverAboutPane.xib */ = {
			isa = PBXVariantGroup;
			children = (
				159120810F8FD04B00BECD18 /* English */,
			);
			name = L0MoverAboutPane.xib;
			sourceTree = "<group>";
		};
		15E7FDF40FADC3B800E9C438 /* Localizable.strings */ = {
			isa = PBXVariantGroup;
			children = (
				15E7FDF50FADC3B800E9C438 /* English */,
			);
			name = Localizable.strings;
			sourceTree = "<group>";
		};
/* End PBXVariantGroup section */

/* Begin XCBuildConfiguration section */
		1582D2A00F87DC72008E5EC0 /* Ad Hoc */ = {
			isa = XCBuildConfiguration;
			baseConfigurationReference = 15D1C56F0F889D7000FF3016 /* Mover.xcconfig */;
			buildSettings = {
				ARCHS = "$(ARCHS_STANDARD_32_BIT)";
				"CODE_SIGN_IDENTITY[sdk=iphoneos*]" = "iPhone Developer";
				GCC_C_LANGUAGE_STANDARD = c99;
				GCC_WARN_ABOUT_RETURN_TYPE = YES;
				GCC_WARN_UNUSED_VARIABLE = YES;
				PREBINDING = NO;
				SDKROOT = iphoneos2.2;
			};
			name = "Ad Hoc";
		};
		1582D2A10F87DC72008E5EC0 /* Ad Hoc */ = {
			isa = XCBuildConfiguration;
			baseConfigurationReference = 15D1C5700F889D7000FF3016 /* Mover-Release.xcconfig */;
			buildSettings = {
				ALWAYS_SEARCH_USER_PATHS = NO;
				CODE_SIGN_ENTITLEMENTS = AdHoc.plist;
				"CODE_SIGN_IDENTITY[sdk=iphoneos*]" = "iPhone Distribution: Emanuele Vulcano";
				COPY_PHASE_STRIP = YES;
				GCC_PRECOMPILE_PREFIX_HEADER = YES;
				GCC_PREFIX_HEADER = "$(INFINITELABS_TOOLS)/Common/iPhone/UIKit.pch";
				GCC_PREPROCESSOR_DEFINITIONS = "L0LogUseOnRequestLogging=1";
				HEADER_SEARCH_PATHS = (
					"$(INFINITELABS_LIB_MUIKIT)/Build/Headers",
					"$(INFINITELABS_TOOLS)/Logging/Build/Headers",
				);
				INFOPLIST_FILE = Info.plist;
				OTHER_LDFLAGS = "-ObjC";
				PRODUCT_NAME = Mover;
				"PROVISIONING_PROFILE[sdk=iphoneos*]" = "F964A417-A6C3-4429-821B-FD1A01DAB1CD";
				USER_HEADER_SEARCH_PATHS = "MYNetwork/** MYUtilities/**";
			};
			name = "Ad Hoc";
		};
		1582D2A20F87DC76008E5EC0 /* App Store */ = {
			isa = XCBuildConfiguration;
			baseConfigurationReference = 15D1C56F0F889D7000FF3016 /* Mover.xcconfig */;
			buildSettings = {
				ARCHS = "$(ARCHS_STANDARD_32_BIT)";
				"CODE_SIGN_IDENTITY[sdk=iphoneos*]" = "iPhone Developer";
				GCC_C_LANGUAGE_STANDARD = c99;
				GCC_WARN_ABOUT_RETURN_TYPE = YES;
				GCC_WARN_UNUSED_VARIABLE = YES;
				PREBINDING = NO;
				SDKROOT = iphoneos2.2;
			};
			name = "App Store";
		};
		1582D2A30F87DC76008E5EC0 /* App Store */ = {
			isa = XCBuildConfiguration;
			baseConfigurationReference = 15D1C5700F889D7000FF3016 /* Mover-Release.xcconfig */;
			buildSettings = {
				ALWAYS_SEARCH_USER_PATHS = NO;
				"CODE_SIGN_IDENTITY[sdk=iphoneos*]" = "iPhone Distribution: Emanuele Vulcano";
				COPY_PHASE_STRIP = YES;
				GCC_PRECOMPILE_PREFIX_HEADER = YES;
				GCC_PREFIX_HEADER = "$(INFINITELABS_TOOLS)/Common/iPhone/UIKit.pch";
				GCC_PREPROCESSOR_DEFINITIONS = "L0LogUseOnRequestLogging=1";
				HEADER_SEARCH_PATHS = (
					"$(INFINITELABS_LIB_MUIKIT)/Build/Headers",
					"$(INFINITELABS_TOOLS)/Logging/Build/Headers",
				);
				INFOPLIST_FILE = Info.plist;
				OTHER_LDFLAGS = "-ObjC";
				PRODUCT_NAME = Mover;
				"PROVISIONING_PROFILE[sdk=iphoneos*]" = "B9112539-A4B0-4CCC-811E-DC7D731B5292";
				USER_HEADER_SEARCH_PATHS = "MYNetwork/** MYUtilities/**";
			};
			name = "App Store";
		};
		1D6058940D05DD3E006BFB54 /* Debug */ = {
			isa = XCBuildConfiguration;
			baseConfigurationReference = 15D1C5710F889D7000FF3016 /* Mover-Debug.xcconfig */;
			buildSettings = {
				ALWAYS_SEARCH_USER_PATHS = NO;
				COPY_PHASE_STRIP = NO;
				GCC_DYNAMIC_NO_PIC = NO;
				GCC_OPTIMIZATION_LEVEL = 0;
				GCC_PRECOMPILE_PREFIX_HEADER = YES;
				GCC_PREFIX_HEADER = "$(INFINITELABS_TOOLS)/Common/iPhone/UIKit.pch";
				GCC_PREPROCESSOR_DEFINITIONS = (
					"DEBUG=1",
					"L0LogUseOnRequestLogging=1",
				);
				HEADER_SEARCH_PATHS = (
					"$(INFINITELABS_LIB_MUIKIT)/Build/Headers",
					"$(INFINITELABS_TOOLS)/Logging/Build/Headers",
				);
				INFOPLIST_FILE = Info.plist;
				OTHER_LDFLAGS = "-ObjC";
				PRODUCT_NAME = Mover;
				USER_HEADER_SEARCH_PATHS = "MYNetwork/** MYUtilities/**";
			};
			name = Debug;
		};
		1D6058950D05DD3E006BFB54 /* Release */ = {
			isa = XCBuildConfiguration;
			baseConfigurationReference = 15D1C5700F889D7000FF3016 /* Mover-Release.xcconfig */;
			buildSettings = {
				ALWAYS_SEARCH_USER_PATHS = NO;
				COPY_PHASE_STRIP = YES;
				GCC_PRECOMPILE_PREFIX_HEADER = YES;
				GCC_PREFIX_HEADER = "$(INFINITELABS_TOOLS)/Common/iPhone/UIKit.pch";
				HEADER_SEARCH_PATHS = (
					"$(INFINITELABS_LIB_MUIKIT)/Build/Headers",
					"$(INFINITELABS_TOOLS)/Logging/Build/Headers",
				);
				INFOPLIST_FILE = Info.plist;
				OTHER_LDFLAGS = "-ObjC";
				PRODUCT_NAME = Mover;
				USER_HEADER_SEARCH_PATHS = "MYNetwork/** MYUtilities/**";
			};
			name = Release;
		};
		C01FCF4F08A954540054247B /* Debug */ = {
			isa = XCBuildConfiguration;
			baseConfigurationReference = 15D1C56F0F889D7000FF3016 /* Mover.xcconfig */;
			buildSettings = {
				ARCHS = "$(ARCHS_STANDARD_32_BIT)";
				"CODE_SIGN_IDENTITY[sdk=iphoneos*]" = "iPhone Developer";
				GCC_C_LANGUAGE_STANDARD = c99;
				GCC_WARN_ABOUT_RETURN_TYPE = YES;
				GCC_WARN_UNUSED_VARIABLE = YES;
				ONLY_ACTIVE_ARCH = YES;
				PREBINDING = NO;
				SDKROOT = iphoneos2.2;
			};
			name = Debug;
		};
		C01FCF5008A954540054247B /* Release */ = {
			isa = XCBuildConfiguration;
			baseConfigurationReference = 15D1C56F0F889D7000FF3016 /* Mover.xcconfig */;
			buildSettings = {
				ARCHS = "$(ARCHS_STANDARD_32_BIT)";
				"CODE_SIGN_IDENTITY[sdk=iphoneos*]" = "iPhone Developer";
				GCC_C_LANGUAGE_STANDARD = c99;
				GCC_WARN_ABOUT_RETURN_TYPE = YES;
				GCC_WARN_UNUSED_VARIABLE = YES;
				PREBINDING = NO;
				SDKROOT = iphoneos2.2;
			};
			name = Release;
		};
/* End XCBuildConfiguration section */

/* Begin XCConfigurationList section */
		1D6058960D05DD3E006BFB54 /* Build configuration list for PBXNativeTarget "Mover" */ = {
			isa = XCConfigurationList;
			buildConfigurations = (
				1D6058940D05DD3E006BFB54 /* Debug */,
				1D6058950D05DD3E006BFB54 /* Release */,
				1582D2A10F87DC72008E5EC0 /* Ad Hoc */,
				1582D2A30F87DC76008E5EC0 /* App Store */,
			);
			defaultConfigurationIsVisible = 0;
			defaultConfigurationName = Release;
		};
		C01FCF4E08A954540054247B /* Build configuration list for PBXProject "Mover" */ = {
			isa = XCConfigurationList;
			buildConfigurations = (
				C01FCF4F08A954540054247B /* Debug */,
				C01FCF5008A954540054247B /* Release */,
				1582D2A00F87DC72008E5EC0 /* Ad Hoc */,
				1582D2A20F87DC76008E5EC0 /* App Store */,
			);
			defaultConfigurationIsVisible = 0;
			defaultConfigurationName = Release;
		};
/* End XCConfigurationList section */
	};
	rootObject = 29B97313FDCFA39411CA2CEA /* Project object */;
}
